
Microsoft Visual Studio Solution File, Format Version 12.00
# Visual Studio Version 16
VisualStudioVersion = 16.0.31624.102
MinimumVisualStudioVersion = 10.0.40219.1
Project("{FAE04EC0-301F-11D3-BF4B-00C04F79EFBC}") = "COMP2084Lab1", "COMP2084Lab1\COMP2084Lab1.csproj", "{E673F550-66DA-467B-BF9B-A04CCD39B476}"
EndProject
Global
	GlobalSection(SolutionConfigurationPlatforms) = preSolution
		Debug|Any CPU = Debug|Any CPU
		Release|Any CPU = Release|Any CPU
	EndGlobalSection
	GlobalSection(ProjectConfigurationPlatforms) = postSolution
		{E673F550-66DA-467B-BF9B-A04CCD39B476}.Debug|Any CPU.ActiveCfg = Debug|Any CPU
		{E673F550-66DA-467B-BF9B-A04CCD39B476}.Debug|Any CPU.Build.0 = Debug|Any CPU
		{E673F550-66DA-467B-BF9B-A04CCD39B476}.Release|Any CPU.ActiveCfg = Release|Any CPU
		{E673F550-66DA-467B-BF9B-A04CCD39B476}.Release|Any CPU.Build.0 = Release|Any CPU
	EndGlobalSection
	GlobalSection(SolutionProperties) = preSolution
		HideSolutionNode = FALSE
	EndGlobalSection
	GlobalSection(ExtensibilityGlobals) = postSolution
		SolutionGuid = {60D4E16E-B3FB-4C44-B085-6980BBFB3D0B}
	EndGlobalSection
EndGlobal
